
Microsoft Visual Studio Solution File, Format Version 12.00
# Visual Studio Version 16
VisualStudioVersion = 16.0.31424.327
MinimumVisualStudioVersion = 10.0.40219.1
Project("{FAE04EC0-301F-11D3-BF4B-00C04F79EFBC}") = "RabbitMQ.Send", "RabbitMQ.Send\RabbitMQ.Send.csproj", "{A3F6E78B-E912-4939-8FE0-9A9AF8F75A76}"
EndProject
Project("{FAE04EC0-301F-11D3-BF4B-00C04F79EFBC}") = "RabbitMQ.Receive", "RabbitMQ.Receive\RabbitMQ.Receive.csproj", "{42EA6708-CB93-432F-9484-C67A82428D31}"
EndProject
Project("{2150E333-8FDC-42A3-9474-1A3956D46DE8}") = "0 - tutorial-one", "0 - tutorial-one", "{96AD0CD5-9BC0-45A4-99F0-92C00B4A19E0}"
EndProject
Project("{2150E333-8FDC-42A3-9474-1A3956D46DE8}") = "1 - tutorial-two", "1 - tutorial-two", "{3751BE4D-2BD5-4CEE-A0D9-AFDE73E18983}"
EndProject
Project("{FAE04EC0-301F-11D3-BF4B-00C04F79EFBC}") = "NewTask", "NewTask\NewTask.csproj", "{5F41590D-C975-4464-BC4D-F7416A9C1D30}"
EndProject
Project("{FAE04EC0-301F-11D3-BF4B-00C04F79EFBC}") = "Worker", "Worker\Worker.csproj", "{AEBFEEDA-88EC-488F-88C4-5983A7B9EA0C}"
EndProject
Project("{2150E333-8FDC-42A3-9474-1A3956D46DE8}") = "2 - PublishSubscribe", "2 - PublishSubscribe", "{EC0E0404-7C8F-4393-AE05-10AFAEA357DA}"
EndProject
Global
	GlobalSection(SolutionConfigurationPlatforms) = preSolution
		Debug|Any CPU = Debug|Any CPU
		Release|Any CPU = Release|Any CPU
	EndGlobalSection
	GlobalSection(ProjectConfigurationPlatforms) = postSolution
		{A3F6E78B-E912-4939-8FE0-9A9AF8F75A76}.Debug|Any CPU.ActiveCfg = Debug|Any CPU
		{A3F6E78B-E912-4939-8FE0-9A9AF8F75A76}.Debug|Any CPU.Build.0 = Debug|Any CPU
		{A3F6E78B-E912-4939-8FE0-9A9AF8F75A76}.Release|Any CPU.ActiveCfg = Release|Any CPU
		{A3F6E78B-E912-4939-8FE0-9A9AF8F75A76}.Release|Any CPU.Build.0 = Release|Any CPU
		{42EA6708-CB93-432F-9484-C67A82428D31}.Debug|Any CPU.ActiveCfg = Debug|Any CPU
		{42EA6708-CB93-432F-9484-C67A82428D31}.Debug|Any CPU.Build.0 = Debug|Any CPU
		{42EA6708-CB93-432F-9484-C67A82428D31}.Release|Any CPU.ActiveCfg = Release|Any CPU
		{42EA6708-CB93-432F-9484-C67A82428D31}.Release|Any CPU.Build.0 = Release|Any CPU
		{5F41590D-C975-4464-BC4D-F7416A9C1D30}.Debug|Any CPU.ActiveCfg = Debug|Any CPU
		{5F41590D-C975-4464-BC4D-F7416A9C1D30}.Debug|Any CPU.Build.0 = Debug|Any CPU
		{5F41590D-C975-4464-BC4D-F7416A9C1D30}.Release|Any CPU.ActiveCfg = Release|Any CPU
		{5F41590D-C975-4464-BC4D-F7416A9C1D30}.Release|Any CPU.Build.0 = Release|Any CPU
		{AEBFEEDA-88EC-488F-88C4-5983A7B9EA0C}.Debug|Any CPU.ActiveCfg = Debug|Any CPU
		{AEBFEEDA-88EC-488F-88C4-5983A7B9EA0C}.Debug|Any CPU.Build.0 = Debug|Any CPU
		{AEBFEEDA-88EC-488F-88C4-5983A7B9EA0C}.Release|Any CPU.ActiveCfg = Release|Any CPU
		{AEBFEEDA-88EC-488F-88C4-5983A7B9EA0C}.Release|Any CPU.Build.0 = Release|Any CPU
	EndGlobalSection
	GlobalSection(SolutionProperties) = preSolution
		HideSolutionNode = FALSE
	EndGlobalSection
	GlobalSection(NestedProjects) = preSolution
		{A3F6E78B-E912-4939-8FE0-9A9AF8F75A76} = {96AD0CD5-9BC0-45A4-99F0-92C00B4A19E0}
		{42EA6708-CB93-432F-9484-C67A82428D31} = {96AD0CD5-9BC0-45A4-99F0-92C00B4A19E0}
		{5F41590D-C975-4464-BC4D-F7416A9C1D30} = {3751BE4D-2BD5-4CEE-A0D9-AFDE73E18983}
		{AEBFEEDA-88EC-488F-88C4-5983A7B9EA0C} = {3751BE4D-2BD5-4CEE-A0D9-AFDE73E18983}
	EndGlobalSection
	GlobalSection(ExtensibilityGlobals) = postSolution
		SolutionGuid = {37F8745E-75F3-4F40-BE14-C95DED2D0481}
	EndGlobalSection
EndGlobal
